
Microsoft Visual Studio Solution File, Format Version 11.00
# Visual Studio 2010
Project("{FAE04EC0-301F-11D3-BF4B-00C04F79EFBC}") = "Projet_IA_Clavero_Deny", "WindowsFormsApplication1\Projet_IA_Clavero_Deny.csproj", "{740EE957-D7C8-46B8-8EFD-1ACB332A0F30}"
EndProject
Global
	GlobalSection(SolutionConfigurationPlatforms) = preSolution
		Debug|x86 = Debug|x86
		Release|x86 = Release|x86
	EndGlobalSection
	GlobalSection(ProjectConfigurationPlatforms) = postSolution
		{740EE957-D7C8-46B8-8EFD-1ACB332A0F30}.Debug|x86.ActiveCfg = Debug|x86
		{740EE957-D7C8-46B8-8EFD-1ACB332A0F30}.Debug|x86.Build.0 = Debug|x86
		{740EE957-D7C8-46B8-8EFD-1ACB332A0F30}.Release|x86.ActiveCfg = Release|x86
		{740EE957-D7C8-46B8-8EFD-1ACB332A0F30}.Release|x86.Build.0 = Release|x86
	EndGlobalSection
	GlobalSection(SolutionProperties) = preSolution
		HideSolutionNode = FALSE
	EndGlobalSection
EndGlobal
